
Microsoft Visual Studio Solution File, Format Version 12.00
# Visual Studio Version 17
VisualStudioVersion = 17.1.32228.430
MinimumVisualStudioVersion = 10.0.40219.1
Project("{2150E333-8FDC-42A3-9474-1A3956D46DE8}") = "src", "src", "{EDF18E69-F7D6-46CE-8401-5D31DB51A01B}"
EndProject
Project("{9A19103F-16F7-4668-BE54-9A1E7A4F7556}") = "DRApplication.Server", "DRApplication\Server\DRApplication.Server.csproj", "{3E3C33F1-0B63-4FB9-BD9B-0B2B01F9B599}"
EndProject
Project("{9A19103F-16F7-4668-BE54-9A1E7A4F7556}") = "DRApplication.Client", "DRApplication\Client\DRApplication.Client.csproj", "{C2185C0C-EC90-40C2-8AD5-13070EED9123}"
EndProject
Project("{9A19103F-16F7-4668-BE54-9A1E7A4F7556}") = "DRApplication.Shared", "DRApplication\Shared\DRApplication.Shared.csproj", "{4ABCE366-AFAD-4CA1-B29C-E261AAC14B7A}"
EndProject
Project("{00D1A9C2-B5F0-4AF3-8072-F6C62B433612}") = "DRApplication.Database", "DRApplication.Database\DRApplication.Database.sqlproj", "{91C83824-79B8-4058-BE35-E05E07EE13EE}"
EndProject
Global
	GlobalSection(SolutionConfigurationPlatforms) = preSolution
		Debug|Any CPU = Debug|Any CPU
		Release|Any CPU = Release|Any CPU
	EndGlobalSection
	GlobalSection(ProjectConfigurationPlatforms) = postSolution
		{3E3C33F1-0B63-4FB9-BD9B-0B2B01F9B599}.Debug|Any CPU.ActiveCfg = Debug|Any CPU
		{3E3C33F1-0B63-4FB9-BD9B-0B2B01F9B599}.Debug|Any CPU.Build.0 = Debug|Any CPU
		{3E3C33F1-0B63-4FB9-BD9B-0B2B01F9B599}.Release|Any CPU.ActiveCfg = Release|Any CPU
		{3E3C33F1-0B63-4FB9-BD9B-0B2B01F9B599}.Release|Any CPU.Build.0 = Release|Any CPU
		{C2185C0C-EC90-40C2-8AD5-13070EED9123}.Debug|Any CPU.ActiveCfg = Debug|Any CPU
		{C2185C0C-EC90-40C2-8AD5-13070EED9123}.Debug|Any CPU.Build.0 = Debug|Any CPU
		{C2185C0C-EC90-40C2-8AD5-13070EED9123}.Release|Any CPU.ActiveCfg = Release|Any CPU
		{C2185C0C-EC90-40C2-8AD5-13070EED9123}.Release|Any CPU.Build.0 = Release|Any CPU
		{4ABCE366-AFAD-4CA1-B29C-E261AAC14B7A}.Debug|Any CPU.ActiveCfg = Debug|Any CPU
		{4ABCE366-AFAD-4CA1-B29C-E261AAC14B7A}.Debug|Any CPU.Build.0 = Debug|Any CPU
		{4ABCE366-AFAD-4CA1-B29C-E261AAC14B7A}.Release|Any CPU.ActiveCfg = Release|Any CPU
		{4ABCE366-AFAD-4CA1-B29C-E261AAC14B7A}.Release|Any CPU.Build.0 = Release|Any CPU
		{91C83824-79B8-4058-BE35-E05E07EE13EE}.Debug|Any CPU.ActiveCfg = Debug|Any CPU
		{91C83824-79B8-4058-BE35-E05E07EE13EE}.Debug|Any CPU.Build.0 = Debug|Any CPU
		{91C83824-79B8-4058-BE35-E05E07EE13EE}.Debug|Any CPU.Deploy.0 = Debug|Any CPU
		{91C83824-79B8-4058-BE35-E05E07EE13EE}.Release|Any CPU.ActiveCfg = Release|Any CPU
		{91C83824-79B8-4058-BE35-E05E07EE13EE}.Release|Any CPU.Build.0 = Release|Any CPU
		{91C83824-79B8-4058-BE35-E05E07EE13EE}.Release|Any CPU.Deploy.0 = Release|Any CPU
	EndGlobalSection
	GlobalSection(SolutionProperties) = preSolution
		HideSolutionNode = FALSE
	EndGlobalSection
	GlobalSection(NestedProjects) = preSolution
		{3E3C33F1-0B63-4FB9-BD9B-0B2B01F9B599} = {EDF18E69-F7D6-46CE-8401-5D31DB51A01B}
		{C2185C0C-EC90-40C2-8AD5-13070EED9123} = {EDF18E69-F7D6-46CE-8401-5D31DB51A01B}
		{4ABCE366-AFAD-4CA1-B29C-E261AAC14B7A} = {EDF18E69-F7D6-46CE-8401-5D31DB51A01B}
		{91C83824-79B8-4058-BE35-E05E07EE13EE} = {EDF18E69-F7D6-46CE-8401-5D31DB51A01B}
	EndGlobalSection
	GlobalSection(ExtensibilityGlobals) = postSolution
		SolutionGuid = {FCF784AF-89E8-4414-AF73-706B47AF63EB}
	EndGlobalSection
EndGlobal
